
Microsoft Visual Studio Solution File, Format Version 12.00
# Visual Studio Version 16
VisualStudioVersion = 16.0.30011.22
MinimumVisualStudioVersion = 10.0.40219.1
Project("{FAE04EC0-301F-11D3-BF4B-00C04F79EFBC}") = "Staz2020", "Staz2020\Staz2020.csproj", "{7312A6B8-DD7F-4D21-AF50-376DE34C5304}"
EndProject
Global
	GlobalSection(SolutionConfigurationPlatforms) = preSolution
		Debug|Any CPU = Debug|Any CPU
		Release|Any CPU = Release|Any CPU
	EndGlobalSection
	GlobalSection(ProjectConfigurationPlatforms) = postSolution
		{7312A6B8-DD7F-4D21-AF50-376DE34C5304}.Debug|Any CPU.ActiveCfg = Debug|Any CPU
		{7312A6B8-DD7F-4D21-AF50-376DE34C5304}.Debug|Any CPU.Build.0 = Debug|Any CPU
		{7312A6B8-DD7F-4D21-AF50-376DE34C5304}.Release|Any CPU.ActiveCfg = Release|Any CPU
		{7312A6B8-DD7F-4D21-AF50-376DE34C5304}.Release|Any CPU.Build.0 = Release|Any CPU
	EndGlobalSection
	GlobalSection(SolutionProperties) = preSolution
		HideSolutionNode = FALSE
	EndGlobalSection
	GlobalSection(ExtensibilityGlobals) = postSolution
		SolutionGuid = {63A91BEF-171C-466C-9BD6-DC90451FAF48}
	EndGlobalSection
EndGlobal
